
Microsoft Visual Studio Solution File, Format Version 12.00
# Visual Studio 2013
VisualStudioVersion = 12.0.30723.0
MinimumVisualStudioVersion = 10.0.40219.1
Project("{FAE04EC0-301F-11D3-BF4B-00C04F79EFBC}") = "TestWeb", "TestWeb\TestWeb.csproj", "{00CFF3E9-4863-4A3E-A745-1BF0951AA50E}"
EndProject
Project("{2150E333-8FDC-42A3-9474-1A3956D46DE8}") = "PublishScripts", "PublishScripts", "{36835F00-1E7A-4AC6-85FF-BE29E69F2397}"
	ProjectSection(SolutionItems) = preProject
		PublishScripts\AzureWebsitePublishModule.psm1 = PublishScripts\AzureWebsitePublishModule.psm1
		PublishScripts\Publish-WebApplicationWebsite.ps1 = PublishScripts\Publish-WebApplicationWebsite.ps1
	EndProjectSection
EndProject
Project("{2150E333-8FDC-42A3-9474-1A3956D46DE8}") = "Configurations", "Configurations", "{73569806-867F-4662-AE70-FD0571D6D942}"
	ProjectSection(SolutionItems) = preProject
		PublishScripts\Configurations\TestWeb-WAWS-dev.json = PublishScripts\Configurations\TestWeb-WAWS-dev.json
	EndProjectSection
EndProject
Project("{FAE04EC0-301F-11D3-BF4B-00C04F79EFBC}") = "TestWeb.Tests", "TestWeb.Tests\TestWeb.Tests.csproj", "{77DDBE63-64E0-44DA-8F80-6D920BFEBB16}"
EndProject
Global
	GlobalSection(SolutionConfigurationPlatforms) = preSolution
		Debug|Any CPU = Debug|Any CPU
		Release|Any CPU = Release|Any CPU
	EndGlobalSection
	GlobalSection(ProjectConfigurationPlatforms) = postSolution
		{00CFF3E9-4863-4A3E-A745-1BF0951AA50E}.Debug|Any CPU.ActiveCfg = Debug|Any CPU
		{00CFF3E9-4863-4A3E-A745-1BF0951AA50E}.Debug|Any CPU.Build.0 = Debug|Any CPU
		{00CFF3E9-4863-4A3E-A745-1BF0951AA50E}.Release|Any CPU.ActiveCfg = Release|Any CPU
		{00CFF3E9-4863-4A3E-A745-1BF0951AA50E}.Release|Any CPU.Build.0 = Release|Any CPU
		{77DDBE63-64E0-44DA-8F80-6D920BFEBB16}.Debug|Any CPU.ActiveCfg = Debug|Any CPU
		{77DDBE63-64E0-44DA-8F80-6D920BFEBB16}.Debug|Any CPU.Build.0 = Debug|Any CPU
		{77DDBE63-64E0-44DA-8F80-6D920BFEBB16}.Release|Any CPU.ActiveCfg = Release|Any CPU
		{77DDBE63-64E0-44DA-8F80-6D920BFEBB16}.Release|Any CPU.Build.0 = Release|Any CPU
	EndGlobalSection
	GlobalSection(SolutionProperties) = preSolution
		HideSolutionNode = FALSE
	EndGlobalSection
	GlobalSection(NestedProjects) = preSolution
		{73569806-867F-4662-AE70-FD0571D6D942} = {36835F00-1E7A-4AC6-85FF-BE29E69F2397}
	EndGlobalSection
EndGlobal
